// !$*UTF8*$!
{
	archiveVersion = 1;
	classes = {
	};
	objectVersion = 48;
	objects = {

/* Begin PBXBuildFile section */
		3F39C75C203D65C100B8EBCD /* AppDelegate.swift in Sources */ = {isa = PBXBuildFile; fileRef = 3F39C75B203D65C100B8EBCD /* AppDelegate.swift */; };
		3F39C75E203D65C100B8EBCD /* ViewController.swift in Sources */ = {isa = PBXBuildFile; fileRef = 3F39C75D203D65C100B8EBCD /* ViewController.swift */; };
		3F39C760203D65C100B8EBCD /* Assets.xcassets in Resources */ = {isa = PBXBuildFile; fileRef = 3F39C75F203D65C100B8EBCD /* Assets.xcassets */; };
		3F39C763203D65C100B8EBCD /* Main.storyboard in Resources */ = {isa = PBXBuildFile; fileRef = 3F39C761203D65C100B8EBCD /* Main.storyboard */; };
		3F39C76F203D65C100B8EBCD /* oootsTests.swift in Sources */ = {isa = PBXBuildFile; fileRef = 3F39C76E203D65C100B8EBCD /* oootsTests.swift */; };
		3F39C77A203D65C100B8EBCD /* oootsUITests.swift in Sources */ = {isa = PBXBuildFile; fileRef = 3F39C779203D65C100B8EBCD /* oootsUITests.swift */; };
/* End PBXBuildFile section */

/* Begin PBXContainerItemProxy section */
		3F39C76B203D65C100B8EBCD /* PBXContainerItemProxy */ = {
			isa = PBXContainerItemProxy;
			containerPortal = 3F39C750203D65C100B8EBCD /* Project object */;
			proxyType = 1;
			remoteGlobalIDString = 3F39C757203D65C100B8EBCD;
			remoteInfo = ooots;
		};
		3F39C776203D65C100B8EBCD /* PBXContainerItemProxy */ = {
			isa = PBXContainerItemProxy;
			containerPortal = 3F39C750203D65C100B8EBCD /* Project object */;
			proxyType = 1;
			remoteGlobalIDString = 3F39C757203D65C100B8EBCD;
			remoteInfo = ooots;
		};
/* End PBXContainerItemProxy section */

/* Begin PBXFileReference section */
		3F39C758203D65C100B8EBCD /* ooots.app */ = {isa = PBXFileReference; explicitFileType = wrapper.application; includeInIndex = 0; path = ooots.app; sourceTree = BUILT_PRODUCTS_DIR; };
		3F39C75B203D65C100B8EBCD /* AppDelegate.swift */ = {isa = PBXFileReference; lastKnownFileType = sourcecode.swift; path = AppDelegate.swift; sourceTree = "<group>"; };
		3F39C75D203D65C100B8EBCD /* ViewController.swift */ = {isa = PBXFileReference; lastKnownFileType = sourcecode.swift; path = ViewController.swift; sourceTree = "<group>"; };
		3F39C75F203D65C100B8EBCD /* Assets.xcassets */ = {isa = PBXFileReference; lastKnownFileType = folder.assetcatalog; path = Assets.xcassets; sourceTree = "<group>"; };
		3F39C762203D65C100B8EBCD /* Base */ = {isa = PBXFileReference; lastKnownFileType = file.storyboard; name = Base; path = Base.lproj/Main.storyboard; sourceTree = "<group>"; };
		3F39C764203D65C100B8EBCD /* Info.plist */ = {isa = PBXFileReference; lastKnownFileType = text.plist.xml; path = Info.plist; sourceTree = "<group>"; };
		3F39C765203D65C100B8EBCD /* ooots.entitlements */ = {isa = PBXFileReference; lastKnownFileType = text.plist.entitlements; path = ooots.entitlements; sourceTree = "<group>"; };
		3F39C76A203D65C100B8EBCD /* oootsTests.xctest */ = {isa = PBXFileReference; explicitFileType = wrapper.cfbundle; includeInIndex = 0; path = oootsTests.xctest; sourceTree = BUILT_PRODUCTS_DIR; };
		3F39C76E203D65C100B8EBCD /* oootsTests.swift */ = {isa = PBXFileReference; lastKnownFileType = sourcecode.swift; path = oootsTests.swift; sourceTree = "<group>"; };
		3F39C770203D65C100B8EBCD /* Info.plist */ = {isa = PBXFileReference; lastKnownFileType = text.plist.xml; path = Info.plist; sourceTree = "<group>"; };
		3F39C775203D65C100B8EBCD /* oootsUITests.xctest */ = {isa = PBXFileReference; explicitFileType = wrapper.cfbundle; includeInIndex = 0; path = oootsUITests.xctest; sourceTree = BUILT_PRODUCTS_DIR; };
		3F39C779203D65C100B8EBCD /* oootsUITests.swift */ = {isa = PBXFileReference; lastKnownFileType = sourcecode.swift; path = oootsUITests.swift; sourceTree = "<group>"; };
		3F39C77B203D65C100B8EBCD /* Info.plist */ = {isa = PBXFileReference; lastKnownFileType = text.plist.xml; path = Info.plist; sourceTree = "<group>"; };
/* End PBXFileReference section */

/* Begin PBXFrameworksBuildPhase section */
		3F39C755203D65C100B8EBCD /* Frameworks */ = {
			isa = PBXFrameworksBuildPhase;
			buildActionMask = 2147483647;
			files = (
			);
			runOnlyForDeploymentPostprocessing = 0;
		};
		3F39C767203D65C100B8EBCD /* Frameworks */ = {
			isa = PBXFrameworksBuildPhase;
			buildActionMask = 2147483647;
			files = (
			);
			runOnlyForDeploymentPostprocessing = 0;
		};
		3F39C772203D65C100B8EBCD /* Frameworks */ = {
			isa = PBXFrameworksBuildPhase;
			buildActionMask = 2147483647;
			files = (
			);
			runOnlyForDeploymentPostprocessing = 0;
		};
/* End PBXFrameworksBuildPhase section */

/* Begin PBXGroup section */
		3F39C74F203D65C100B8EBCD = {
			isa = PBXGroup;
			children = (
				3F39C75A203D65C100B8EBCD /* ooots */,
				3F39C76D203D65C100B8EBCD /* oootsTests */,
				3F39C778203D65C100B8EBCD /* oootsUITests */,
				3F39C759203D65C100B8EBCD /* Products */,
			);
			sourceTree = "<group>";
		};
		3F39C759203D65C100B8EBCD /* Products */ = {
			isa = PBXGroup;
			children = (
				3F39C758203D65C100B8EBCD /* ooots.app */,
				3F39C76A203D65C100B8EBCD /* oootsTests.xctest */,
				3F39C775203D65C100B8EBCD /* oootsUITests.xctest */,
			);
			name = Products;
			sourceTree = "<group>";
		};
		3F39C75A203D65C100B8EBCD /* ooots */ = {
			isa = PBXGroup;
			children = (
				3F39C75B203D65C100B8EBCD /* AppDelegate.swift */,
				3F39C75D203D65C100B8EBCD /* ViewController.swift */,
				3F39C75F203D65C100B8EBCD /* Assets.xcassets */,
				3F39C761203D65C100B8EBCD /* Main.storyboard */,
				3F39C764203D65C100B8EBCD /* Info.plist */,
				3F39C765203D65C100B8EBCD /* ooots.entitlements */,
			);
			path = ooots;
			sourceTree = "<group>";
		};
		3F39C76D203D65C100B8EBCD /* oootsTests */ = {
			isa = PBXGroup;
			children = (
				3F39C76E203D65C100B8EBCD /* oootsTests.swift */,
				3F39C770203D65C100B8EBCD /* Info.plist */,
			);
			path = oootsTests;
			sourceTree = "<group>";
		};
		3F39C778203D65C100B8EBCD /* oootsUITests */ = {
			isa = PBXGroup;
			children = (
				3F39C779203D65C100B8EBCD /* oootsUITests.swift */,
				3F39C77B203D65C100B8EBCD /* Info.plist */,
			);
			path = oootsUITests;
			sourceTree = "<group>";
		};
/* End PBXGroup section */

/* Begin PBXNativeTarget section */
		3F39C757203D65C100B8EBCD /* ooots */ = {
			isa = PBXNativeTarget;
			buildConfigurationList = 3F39C77E203D65C100B8EBCD /* Build configuration list for PBXNativeTarget "ooots" */;
			buildPhases = (
				3F39C754203D65C100B8EBCD /* Sources */,
				3F39C755203D65C100B8EBCD /* Frameworks */,
				3F39C756203D65C100B8EBCD /* Resources */,
			);
			buildRules = (
			);
			dependencies = (
			);
			name = ooots;
			productName = ooots;
			productReference = 3F39C758203D65C100B8EBCD /* ooots.app */;
			productType = "com.apple.product-type.application";
		};
		3F39C769203D65C100B8EBCD /* oootsTests */ = {
			isa = PBXNativeTarget;
			buildConfigurationList = 3F39C781203D65C100B8EBCD /* Build configuration list for PBXNativeTarget "oootsTests" */;
			buildPhases = (
				3F39C766203D65C100B8EBCD /* Sources */,
				3F39C767203D65C100B8EBCD /* Frameworks */,
				3F39C768203D65C100B8EBCD /* Resources */,
			);
			buildRules = (
			);
			dependencies = (
				3F39C76C203D65C100B8EBCD /* PBXTargetDependency */,
			);
			name = oootsTests;
			productName = oootsTests;
			productReference = 3F39C76A203D65C100B8EBCD /* oootsTests.xctest */;
			productType = "com.apple.product-type.bundle.unit-test";
		};
		3F39C774203D65C100B8EBCD /* oootsUITests */ = {
			isa = PBXNativeTarget;
			buildConfigurationList = 3F39C784203D65C100B8EBCD /* Build configuration list for PBXNativeTarget "oootsUITests" */;
			buildPhases = (
				3F39C771203D65C100B8EBCD /* Sources */,
				3F39C772203D65C100B8EBCD /* Frameworks */,
				3F39C773203D65C100B8EBCD /* Resources */,
			);
			buildRules = (
			);
			dependencies = (
				3F39C777203D65C100B8EBCD /* PBXTargetDependency */,
			);
			name = oootsUITests;
			productName = oootsUITests;
			productReference = 3F39C775203D65C100B8EBCD /* oootsUITests.xctest */;
			productType = "com.apple.product-type.bundle.ui-testing";
		};
/* End PBXNativeTarget section */

/* Begin PBXProject section */
		3F39C750203D65C100B8EBCD /* Project object */ = {
			isa = PBXProject;
			attributes = {
				LastSwiftUpdateCheck = 0920;
				LastUpgradeCheck = 0920;
				ORGANIZATIONNAME = sparker;
				TargetAttributes = {
					3F39C757203D65C100B8EBCD = {
						CreatedOnToolsVersion = 9.2;
						ProvisioningStyle = Automatic;
					};
					3F39C769203D65C100B8EBCD = {
						CreatedOnToolsVersion = 9.2;
						ProvisioningStyle = Automatic;
						TestTargetID = 3F39C757203D65C100B8EBCD;
					};
					3F39C774203D65C100B8EBCD = {
						CreatedOnToolsVersion = 9.2;
						ProvisioningStyle = Automatic;
						TestTargetID = 3F39C757203D65C100B8EBCD;
					};
				};
			};
			buildConfigurationList = 3F39C753203D65C100B8EBCD /* Build configuration list for PBXProject "ooots" */;
			compatibilityVersion = "Xcode 8.0";
			developmentRegion = en;
			hasScannedForEncodings = 0;
			knownRegions = (
				en,
				Base,
			);
			mainGroup = 3F39C74F203D65C100B8EBCD;
			productRefGroup = 3F39C759203D65C100B8EBCD /* Products */;
			projectDirPath = "";
			projectRoot = "";
			targets = (
				3F39C757203D65C100B8EBCD /* ooots */,
				3F39C769203D65C100B8EBCD /* oootsTests */,
				3F39C774203D65C100B8EBCD /* oootsUITests */,
			);
		};
/* End PBXProject section */

/* Begin PBXResourcesBuildPhase section */
		3F39C756203D65C100B8EBCD /* Resources */ = {
			isa = PBXResourcesBuildPhase;
			buildActionMask = 2147483647;
			files = (
				3F39C760203D65C100B8EBCD /* Assets.xcassets in Resources */,
				3F39C763203D65C100B8EBCD /* Main.storyboard in Resources */,
			);
			runOnlyForDeploymentPostprocessing = 0;
		};
		3F39C768203D65C100B8EBCD /* Resources */ = {
			isa = PBXResourcesBuildPhase;
			buildActionMask = 2147483647;
			files = (
			);
			runOnlyForDeploymentPostprocessing = 0;
		};
		3F39C773203D65C100B8EBCD /* Resources */ = {
			isa = PBXResourcesBuildPhase;
			buildActionMask = 2147483647;
			files = (
			);
			runOnlyForDeploymentPostprocessing = 0;
		};
/* End PBXResourcesBuildPhase section */

/* Begin PBXSourcesBuildPhase section */
		3F39C754203D65C100B8EBCD /* Sources */ = {
			isa = PBXSourcesBuildPhase;
			buildActionMask = 2147483647;
			files = (
				3F39C75E203D65C100B8EBCD /* ViewController.swift in Sources */,
				3F39C75C203D65C100B8EBCD /* AppDelegate.swift in Sources */,
			);
			runOnlyForDeploymentPostprocessing = 0;
		};
		3F39C766203D65C100B8EBCD /* Sources */ = {
			isa = PBXSourcesBuildPhase;
			buildActionMask = 2147483647;
			files = (
				3F39C76F203D65C100B8EBCD /* oootsTests.swift in Sources */,
			);
			runOnlyForDeploymentPostprocessing = 0;
		};
		3F39C771203D65C100B8EBCD /* Sources */ = {
			isa = PBXSourcesBuildPhase;
			buildActionMask = 2147483647;
			files = (
				3F39C77A203D65C100B8EBCD /* oootsUITests.swift in Sources */,
			);
			runOnlyForDeploymentPostprocessing = 0;
		};
/* End PBXSourcesBuildPhase section */

/* Begin PBXTargetDependency section */
		3F39C76C203D65C100B8EBCD /* PBXTargetDependency */ = {
			isa = PBXTargetDependency;
			target = 3F39C757203D65C100B8EBCD /* ooots */;
			targetProxy = 3F39C76B203D65C100B8EBCD /* PBXContainerItemProxy */;
		};
		3F39C777203D65C100B8EBCD /* PBXTargetDependency */ = {
			isa = PBXTargetDependency;
			target = 3F39C757203D65C100B8EBCD /* ooots */;
			targetProxy = 3F39C776203D65C100B8EBCD /* PBXContainerItemProxy */;
		};
/* End PBXTargetDependency section */

/* Begin PBXVariantGroup section */
		3F39C761203D65C100B8EBCD /* Main.storyboard */ = {
			isa = PBXVariantGroup;
			children = (
				3F39C762203D65C100B8EBCD /* Base */,
			);
			name = Main.storyboard;
			sourceTree = "<group>";
		};
/* End PBXVariantGroup section */

/* Begin XCBuildConfiguration section */
		3F39C77C203D65C100B8EBCD /* Debug */ = {
			isa = XCBuildConfiguration;
			buildSettings = {
				ALWAYS_SEARCH_USER_PATHS = NO;
				CLANG_ANALYZER_NONNULL = YES;
				CLANG_ANALYZER_NUMBER_OBJECT_CONVERSION = YES_AGGRESSIVE;
				CLANG_CXX_LANGUAGE_STANDARD = "gnu++14";
				CLANG_CXX_LIBRARY = "libc++";
				CLANG_ENABLE_MODULES = YES;
				CLANG_ENABLE_OBJC_ARC = YES;
				CLANG_WARN_BLOCK_CAPTURE_AUTORELEASING = YES;
				CLANG_WARN_BOOL_CONVERSION = YES;
				CLANG_WARN_COMMA = YES;
				CLANG_WARN_CONSTANT_CONVERSION = YES;
				CLANG_WARN_DIRECT_OBJC_ISA_USAGE = YES_ERROR;
				CLANG_WARN_DOCUMENTATION_COMMENTS = YES;
				CLANG_WARN_EMPTY_BODY = YES;
				CLANG_WARN_ENUM_CONVERSION = YES;
				CLANG_WARN_INFINITE_RECURSION = YES;
				CLANG_WARN_INT_CONVERSION = YES;
				CLANG_WARN_NON_LITERAL_NULL_CONVERSION = YES;
				CLANG_WARN_OBJC_LITERAL_CONVERSION = YES;
				CLANG_WARN_OBJC_ROOT_CLASS = YES_ERROR;
				CLANG_WARN_RANGE_LOOP_ANALYSIS = YES;
				CLANG_WARN_STRICT_PROTOTYPES = YES;
				CLANG_WARN_SUSPICIOUS_MOVE = YES;
				CLANG_WARN_UNGUARDED_AVAILABILITY = YES_AGGRESSIVE;
				CLANG_WARN_UNREACHABLE_CODE = YES;
				CLANG_WARN__DUPLICATE_METHOD_MATCH = YES;
				CODE_SIGN_IDENTITY = "Mac Developer";
				COPY_PHASE_STRIP = NO;
				DEBUG_INFORMATION_FORMAT = dwarf;
				ENABLE_STRICT_OBJC_MSGSEND = YES;
				ENABLE_TESTABILITY = YES;
				GCC_C_LANGUAGE_STANDARD = gnu11;
				GCC_DYNAMIC_NO_PIC = NO;
				GCC_NO_COMMON_BLOCKS = YES;
				GCC_OPTIMIZATION_LEVEL = 0;
				GCC_PREPROCESSOR_DEFINITIONS = (
					"DEBUG=1",
					"$(inherited)",
				);
				GCC_WARN_64_TO_32_BIT_CONVERSION = YES;
				GCC_WARN_ABOUT_RETURN_TYPE = YES_ERROR;
				GCC_WARN_UNDECLARED_SELECTOR = YES;
				GCC_WARN_UNINITIALIZED_AUTOS = YES_AGGRESSIVE;
				GCC_WARN_UNUSED_FUNCTION = YES;
				GCC_WARN_UNUSED_VARIABLE = YES;
				MACOSX_DEPLOYMENT_TARGET = 10.13;
				MTL_ENABLE_DEBUG_INFO = YES;
				ONLY_ACTIVE_ARCH = YES;
				SDKROOT = macosx;
				SWIFT_ACTIVE_COMPILATION_CONDITIONS = DEBUG;
				SWIFT_OPTIMIZATION_LEVEL = "-Onone";
			};
			name = Debug;
		};
		3F39C77D203D65C100B8EBCD /* Release */ = {
			isa = XCBuildConfiguration;
			buildSettings = {
				ALWAYS_SEARCH_USER_PATHS = NO;
				CLANG_ANALYZER_NONNULL = YES;
				CLANG_ANALYZER_NUMBER_OBJECT_CONVERSION = YES_AGGRESSIVE;
				CLANG_CXX_LANGUAGE_STANDARD = "gnu++14";
				CLANG_CXX_LIBRARY = "libc++";
				CLANG_ENABLE_MODULES = YES;
				CLANG_ENABLE_OBJC_ARC = YES;
				CLANG_WARN_BLOCK_CAPTURE_AUTORELEASING = YES;
				CLANG_WARN_BOOL_CONVERSION = YES;
				CLANG_WARN_COMMA = YES;
				CLANG_WARN_CONSTANT_CONVERSION = YES;
				CLANG_WARN_DIRECT_OBJC_ISA_USAGE = YES_ERROR;
				CLANG_WARN_DOCUMENTATION_COMMENTS = YES;
				CLANG_WARN_EMPTY_BODY = YES;
				CLANG_WARN_ENUM_CONVERSION = YES;
				CLANG_WARN_INFINITE_RECURSION = YES;
				CLANG_WARN_INT_CONVERSION = YES;
				CLANG_WARN_NON_LITERAL_NULL_CONVERSION = YES;
				CLANG_WARN_OBJC_LITERAL_CONVERSION = YES;
				CLANG_WARN_OBJC_ROOT_CLASS = YES_ERROR;
				CLANG_WARN_RANGE_LOOP_ANALYSIS = YES;
				CLANG_WARN_STRICT_PROTOTYPES = YES;
				CLANG_WARN_SUSPICIOUS_MOVE = YES;
				CLANG_WARN_UNGUARDED_AVAILABILITY = YES_AGGRESSIVE;
				CLANG_WARN_UNREACHABLE_CODE = YES;
				CLANG_WARN__DUPLICATE_METHOD_MATCH = YES;
				CODE_SIGN_IDENTITY = "Mac Developer";
				COPY_PHASE_STRIP = NO;
				DEBUG_INFORMATION_FORMAT = "dwarf-with-dsym";
				ENABLE_NS_ASSERTIONS = NO;
				ENABLE_STRICT_OBJC_MSGSEND = YES;
				GCC_C_LANGUAGE_STANDARD = gnu11;
				GCC_NO_COMMON_BLOCKS = YES;
				GCC_WARN_64_TO_32_BIT_CONVERSION = YES;
				GCC_WARN_ABOUT_RETURN_TYPE = YES_ERROR;
				GCC_WARN_UNDECLARED_SELECTOR = YES;
				GCC_WARN_UNINITIALIZED_AUTOS = YES_AGGRESSIVE;
				GCC_WARN_UNUSED_FUNCTION = YES;
				GCC_WARN_UNUSED_VARIABLE = YES;
				MACOSX_DEPLOYMENT_TARGET = 10.13;
				MTL_ENABLE_DEBUG_INFO = NO;
				SDKROOT = macosx;
				SWIFT_OPTIMIZATION_LEVEL = "-Owholemodule";
			};
			name = Release;
		};
		3F39C77F203D65C100B8EBCD /* Debug */ = {
			isa = XCBuildConfiguration;
			buildSettings = {
				ASSETCATALOG_COMPILER_APPICON_NAME = AppIcon;
				CODE_SIGN_ENTITLEMENTS = ooots/ooots.entitlements;
				CODE_SIGN_STYLE = Automatic;
				COMBINE_HIDPI_IMAGES = YES;
				DEVELOPMENT_TEAM = R94XD227EM;
				INFOPLIST_FILE = ooots/Info.plist;
				LD_RUNPATH_SEARCH_PATHS = "$(inherited) @executable_path/../Frameworks";
				PRODUCT_BUNDLE_IDENTIFIER = xyz.sparker.ooots;
				PRODUCT_NAME = "$(TARGET_NAME)";
				SWIFT_VERSION = 4.0;
			};
			name = Debug;
		};
		3F39C780203D65C100B8EBCD /* Release */ = {
			isa = XCBuildConfiguration;
			buildSettings = {
				ASSETCATALOG_COMPILER_APPICON_NAME = AppIcon;
				CODE_SIGN_ENTITLEMENTS = ooots/ooots.entitlements;
				CODE_SIGN_STYLE = Automatic;
				COMBINE_HIDPI_IMAGES = YES;
				DEVELOPMENT_TEAM = R94XD227EM;
				INFOPLIST_FILE = ooots/Info.plist;
				LD_RUNPATH_SEARCH_PATHS = "$(inherited) @executable_path/../Frameworks";
				PRODUCT_BUNDLE_IDENTIFIER = xyz.sparker.ooots;
				PRODUCT_NAME = "$(TARGET_NAME)";
				SWIFT_VERSION = 4.0;
			};
			name = Release;
		};
		3F39C782203D65C100B8EBCD /* Debug */ = {
			isa = XCBuildConfiguration;
			buildSettings = {
				ALWAYS_EMBED_SWIFT_STANDARD_LIBRARIES = YES;
				BUNDLE_LOADER = "$(TEST_HOST)";
				CODE_SIGN_STYLE = Automatic;
				COMBINE_HIDPI_IMAGES = YES;
				DEVELOPMENT_TEAM = R94XD227EM;
				INFOPLIST_FILE = oootsTests/Info.plist;
				LD_RUNPATH_SEARCH_PATHS = "$(inherited) @executable_path/../Frameworks @loader_path/../Frameworks";
				PRODUCT_BUNDLE_IDENTIFIER = xyz.sparker.oootsTests;
				PRODUCT_NAME = "$(TARGET_NAME)";
				SWIFT_VERSION = 4.0;
				TEST_HOST = "$(BUILT_PRODUCTS_DIR)/ooots.app/Contents/MacOS/ooots";
			};
			name = Debug;
		};
		3F39C783203D65C100B8EBCD /* Release */ = {
			isa = XCBuildConfiguration;
			buildSettings = {
				ALWAYS_EMBED_SWIFT_STANDARD_LIBRARIES = YES;
				BUNDLE_LOADER = "$(TEST_HOST)";
				CODE_SIGN_STYLE = Automatic;
				COMBINE_HIDPI_IMAGES = YES;
				DEVELOPMENT_TEAM = R94XD227EM;
				INFOPLIST_FILE = oootsTests/Info.plist;
				LD_RUNPATH_SEARCH_PATHS = "$(inherited) @executable_path/../Frameworks @loader_path/../Frameworks";
				PRODUCT_BUNDLE_IDENTIFIER = xyz.sparker.oootsTests;
				PRODUCT_NAME = "$(TARGET_NAME)";
				SWIFT_VERSION = 4.0;
				TEST_HOST = "$(BUILT_PRODUCTS_DIR)/ooots.app/Contents/MacOS/ooots";
			};
			name = Release;
		};
		3F39C785203D65C100B8EBCD /* Debug */ = {
			isa = XCBuildConfiguration;
			buildSettings = {
				ALWAYS_EMBED_SWIFT_STANDARD_LIBRARIES = YES;
				CODE_SIGN_STYLE = Automatic;
				COMBINE_HIDPI_IMAGES = YES;
				DEVELOPMENT_TEAM = R94XD227EM;
				INFOPLIST_FILE = oootsUITests/Info.plist;
				LD_RUNPATH_SEARCH_PATHS = "$(inherited) @executable_path/../Frameworks @loader_path/../Frameworks";
				PRODUCT_BUNDLE_IDENTIFIER = xyz.sparker.oootsUITests;
				PRODUCT_NAME = "$(TARGET_NAME)";
				SWIFT_VERSION = 4.0;
				TEST_TARGET_NAME = ooots;
			};
			name = Debug;
		};
		3F39C786203D65C100B8EBCD /* Release */ = {
			isa = XCBuildConfiguration;
			buildSettings = {
				ALWAYS_EMBED_SWIFT_STANDARD_LIBRARIES = YES;
				CODE_SIGN_STYLE = Automatic;
				COMBINE_HIDPI_IMAGES = YES;
				DEVELOPMENT_TEAM = R94XD227EM;
				INFOPLIST_FILE = oootsUITests/Info.plist;
				LD_RUNPATH_SEARCH_PATHS = "$(inherited) @executable_path/../Frameworks @loader_path/../Frameworks";
				PRODUCT_BUNDLE_IDENTIFIER = xyz.sparker.oootsUITests;
				PRODUCT_NAME = "$(TARGET_NAME)";
				SWIFT_VERSION = 4.0;
				TEST_TARGET_NAME = ooots;
			};
			name = Release;
		};
/* End XCBuildConfiguration section */

/* Begin XCConfigurationList section */
		3F39C753203D65C100B8EBCD /* Build configuration list for PBXProject "ooots" */ = {
			isa = XCConfigurationList;
			buildConfigurations = (
				3F39C77C203D65C100B8EBCD /* Debug */,
				3F39C77D203D65C100B8EBCD /* Release */,
			);
			defaultConfigurationIsVisible = 0;
			defaultConfigurationName = Release;
		};
		3F39C77E203D65C100B8EBCD /* Build configuration list for PBXNativeTarget "ooots" */ = {
			isa = XCConfigurationList;
			buildConfigurations = (
				3F39C77F203D65C100B8EBCD /* Debug */,
				3F39C780203D65C100B8EBCD /* Release */,
			);
			defaultConfigurationIsVisible = 0;
			defaultConfigurationName = Release;
		};
		3F39C781203D65C100B8EBCD /* Build configuration list for PBXNativeTarget "oootsTests" */ = {
			isa = XCConfigurationList;
			buildConfigurations = (
				3F39C782203D65C100B8EBCD /* Debug */,
				3F39C783203D65C100B8EBCD /* Release */,
			);
			defaultConfigurationIsVisible = 0;
			defaultConfigurationName = Release;
		};
		3F39C784203D65C100B8EBCD /* Build configuration list for PBXNativeTarget "oootsUITests" */ = {
			isa = XCConfigurationList;
			buildConfigurations = (
				3F39C785203D65C100B8EBCD /* Debug */,
				3F39C786203D65C100B8EBCD /* Release */,
			);
			defaultConfigurationIsVisible = 0;
			defaultConfigurationName = Release;
		};
/* End XCConfigurationList section */
	};
	rootObject = 3F39C750203D65C100B8EBCD /* Project object */;
}
