// !$*UTF8*$!
{
	archiveVersion = 1;
	classes = {
	};
	objectVersion = 48;
	objects = {

/* Begin PBXBuildFile section */
		3FC145B1205A0F3C00C37555 /* AppDelegate.swift in Sources */ = {isa = PBXBuildFile; fileRef = 3FC145B0205A0F3C00C37555 /* AppDelegate.swift */; };
		3FC145B3205A0F3C00C37555 /* MainViewController.swift in Sources */ = {isa = PBXBuildFile; fileRef = 3FC145B2205A0F3C00C37555 /* MainViewController.swift */; };
		3FC145B5205A0F3C00C37555 /* Assets.xcassets in Resources */ = {isa = PBXBuildFile; fileRef = 3FC145B4205A0F3C00C37555 /* Assets.xcassets */; };
		3FC145B8205A0F3C00C37555 /* Main.storyboard in Resources */ = {isa = PBXBuildFile; fileRef = 3FC145B6205A0F3C00C37555 /* Main.storyboard */; };
		3FC145C4205A0F3C00C37555 /* kayTests.swift in Sources */ = {isa = PBXBuildFile; fileRef = 3FC145C3205A0F3C00C37555 /* kayTests.swift */; };
		3FC145CF205A0F3C00C37555 /* kayUITests.swift in Sources */ = {isa = PBXBuildFile; fileRef = 3FC145CE205A0F3C00C37555 /* kayUITests.swift */; };
		3FDFEB9820649A17002311FF /* Cartfile in Resources */ = {isa = PBXBuildFile; fileRef = 3FDFEB9720649A17002311FF /* Cartfile */; };
		7B14A22E20F4B907007CC723 /* AppItem.swift in Sources */ = {isa = PBXBuildFile; fileRef = 7B14A22D20F4B907007CC723 /* AppItem.swift */; };
		7B14A23020F4B983007CC723 /* Shortcut.swift in Sources */ = {isa = PBXBuildFile; fileRef = 7B14A22F20F4B983007CC723 /* Shortcut.swift */; };
		7B7BA23F222D11B1001C1C32 /* Magnet.framework in Frameworks */ = {isa = PBXBuildFile; fileRef = 7B14A22620F3B99F007CC723 /* Magnet.framework */; };
		7B7BA241222D2769001C1C32 /* StatusMenuController.swift in Sources */ = {isa = PBXBuildFile; fileRef = 7B7BA240222D2769001C1C32 /* StatusMenuController.swift */; };
		7B7BA245222D4574001C1C32 /* LaunchAtLogin.framework in Frameworks */ = {isa = PBXBuildFile; fileRef = 7B7BA244222D4574001C1C32 /* LaunchAtLogin.framework */; };
		7BA56D2320F4FC9900A8DC51 /* AddAppViewController.swift in Sources */ = {isa = PBXBuildFile; fileRef = 7BA56D2220F4FC9900A8DC51 /* AddAppViewController.swift */; };
/* End PBXBuildFile section */

/* Begin PBXContainerItemProxy section */
		3FC145C0205A0F3C00C37555 /* PBXContainerItemProxy */ = {
			isa = PBXContainerItemProxy;
			containerPortal = 3FC145A5205A0F3C00C37555 /* Project object */;
			proxyType = 1;
			remoteGlobalIDString = 3FC145AC205A0F3C00C37555;
			remoteInfo = kay;
		};
		3FC145CB205A0F3C00C37555 /* PBXContainerItemProxy */ = {
			isa = PBXContainerItemProxy;
			containerPortal = 3FC145A5205A0F3C00C37555 /* Project object */;
			proxyType = 1;
			remoteGlobalIDString = 3FC145AC205A0F3C00C37555;
			remoteInfo = kay;
		};
/* End PBXContainerItemProxy section */

/* Begin PBXFileReference section */
		3FC145AD205A0F3C00C37555 /* kay.app */ = {isa = PBXFileReference; explicitFileType = wrapper.application; includeInIndex = 0; path = kay.app; sourceTree = BUILT_PRODUCTS_DIR; };
		3FC145B0205A0F3C00C37555 /* AppDelegate.swift */ = {isa = PBXFileReference; lastKnownFileType = sourcecode.swift; path = AppDelegate.swift; sourceTree = "<group>"; };
		3FC145B2205A0F3C00C37555 /* MainViewController.swift */ = {isa = PBXFileReference; lastKnownFileType = sourcecode.swift; path = MainViewController.swift; sourceTree = "<group>"; };
		3FC145B4205A0F3C00C37555 /* Assets.xcassets */ = {isa = PBXFileReference; lastKnownFileType = folder.assetcatalog; path = Assets.xcassets; sourceTree = "<group>"; };
		3FC145B7205A0F3C00C37555 /* Base */ = {isa = PBXFileReference; lastKnownFileType = file.storyboard; name = Base; path = Base.lproj/Main.storyboard; sourceTree = "<group>"; };
		3FC145B9205A0F3C00C37555 /* Info.plist */ = {isa = PBXFileReference; lastKnownFileType = text.plist.xml; path = Info.plist; sourceTree = "<group>"; };
		3FC145BA205A0F3C00C37555 /* kay.entitlements */ = {isa = PBXFileReference; lastKnownFileType = text.plist.entitlements; path = kay.entitlements; sourceTree = "<group>"; };
		3FC145BF205A0F3C00C37555 /* kayTests.xctest */ = {isa = PBXFileReference; explicitFileType = wrapper.cfbundle; includeInIndex = 0; path = kayTests.xctest; sourceTree = BUILT_PRODUCTS_DIR; };
		3FC145C3205A0F3C00C37555 /* kayTests.swift */ = {isa = PBXFileReference; lastKnownFileType = sourcecode.swift; path = kayTests.swift; sourceTree = "<group>"; };
		3FC145C5205A0F3C00C37555 /* Info.plist */ = {isa = PBXFileReference; lastKnownFileType = text.plist.xml; path = Info.plist; sourceTree = "<group>"; };
		3FC145CA205A0F3C00C37555 /* kayUITests.xctest */ = {isa = PBXFileReference; explicitFileType = wrapper.cfbundle; includeInIndex = 0; path = kayUITests.xctest; sourceTree = BUILT_PRODUCTS_DIR; };
		3FC145CE205A0F3C00C37555 /* kayUITests.swift */ = {isa = PBXFileReference; lastKnownFileType = sourcecode.swift; path = kayUITests.swift; sourceTree = "<group>"; };
		3FC145D0205A0F3C00C37555 /* Info.plist */ = {isa = PBXFileReference; lastKnownFileType = text.plist.xml; path = Info.plist; sourceTree = "<group>"; };
		3FDFEB9720649A17002311FF /* Cartfile */ = {isa = PBXFileReference; fileEncoding = 4; lastKnownFileType = text; path = Cartfile; sourceTree = SOURCE_ROOT; };
		7B14A22620F3B99F007CC723 /* Magnet.framework */ = {isa = PBXFileReference; lastKnownFileType = wrapper.framework; name = Magnet.framework; path = Carthage/Build/Mac/Magnet.framework; sourceTree = "<group>"; };
		7B14A22D20F4B907007CC723 /* AppItem.swift */ = {isa = PBXFileReference; lastKnownFileType = sourcecode.swift; path = AppItem.swift; sourceTree = "<group>"; };
		7B14A22F20F4B983007CC723 /* Shortcut.swift */ = {isa = PBXFileReference; lastKnownFileType = sourcecode.swift; path = Shortcut.swift; sourceTree = "<group>"; };
		7B7BA240222D2769001C1C32 /* StatusMenuController.swift */ = {isa = PBXFileReference; lastKnownFileType = sourcecode.swift; path = StatusMenuController.swift; sourceTree = "<group>"; };
		7B7BA244222D4574001C1C32 /* LaunchAtLogin.framework */ = {isa = PBXFileReference; lastKnownFileType = wrapper.framework; name = LaunchAtLogin.framework; path = Carthage/Build/Mac/LaunchAtLogin.framework; sourceTree = "<group>"; };
		7BA56D2220F4FC9900A8DC51 /* AddAppViewController.swift */ = {isa = PBXFileReference; lastKnownFileType = sourcecode.swift; path = AddAppViewController.swift; sourceTree = "<group>"; };
		7BA56D2420F5A81800A8DC51 /* KeyHolder.framework.dSYM */ = {isa = PBXFileReference; lastKnownFileType = wrapper.dsym; name = KeyHolder.framework.dSYM; path = Carthage/Build/Mac/KeyHolder.framework.dSYM; sourceTree = "<group>"; };
		7BA56D2620F5A82B00A8DC51 /* KeyHolder.framework */ = {isa = PBXFileReference; lastKnownFileType = wrapper.framework; name = KeyHolder.framework; path = Carthage/Build/Mac/KeyHolder.framework; sourceTree = "<group>"; };
/* End PBXFileReference section */

/* Begin PBXFrameworksBuildPhase section */
		3FC145AA205A0F3C00C37555 /* Frameworks */ = {
			isa = PBXFrameworksBuildPhase;
			buildActionMask = 2147483647;
			files = (
				7B7BA23F222D11B1001C1C32 /* Magnet.framework in Frameworks */,
				7B7BA245222D4574001C1C32 /* LaunchAtLogin.framework in Frameworks */,
			);
			runOnlyForDeploymentPostprocessing = 0;
		};
		3FC145BC205A0F3C00C37555 /* Frameworks */ = {
			isa = PBXFrameworksBuildPhase;
			buildActionMask = 2147483647;
			files = (
			);
			runOnlyForDeploymentPostprocessing = 0;
		};
		3FC145C7205A0F3C00C37555 /* Frameworks */ = {
			isa = PBXFrameworksBuildPhase;
			buildActionMask = 2147483647;
			files = (
			);
			runOnlyForDeploymentPostprocessing = 0;
		};
/* End PBXFrameworksBuildPhase section */

/* Begin PBXGroup section */
		3FC145A4205A0F3C00C37555 = {
			isa = PBXGroup;
			children = (
				3FC145AF205A0F3C00C37555 /* kay */,
				3FC145C2205A0F3C00C37555 /* kayTests */,
				3FC145CD205A0F3C00C37555 /* kayUITests */,
				3FC145AE205A0F3C00C37555 /* Products */,
				3FDFEB9720649A17002311FF /* Cartfile */,
				3FDFEB9D20649C58002311FF /* Frameworks */,
			);
			sourceTree = "<group>";
		};
		3FC145AE205A0F3C00C37555 /* Products */ = {
			isa = PBXGroup;
			children = (
				3FC145AD205A0F3C00C37555 /* kay.app */,
				3FC145BF205A0F3C00C37555 /* kayTests.xctest */,
				3FC145CA205A0F3C00C37555 /* kayUITests.xctest */,
			);
			name = Products;
			sourceTree = "<group>";
		};
		3FC145AF205A0F3C00C37555 /* kay */ = {
			isa = PBXGroup;
			children = (
				3FC145B9205A0F3C00C37555 /* Info.plist */,
				3FC145BA205A0F3C00C37555 /* kay.entitlements */,
				7B14A22C20F4B8D8007CC723 /* Model */,
				7B14A22B20F4B742007CC723 /* View Controllers */,
				3FC145B0205A0F3C00C37555 /* AppDelegate.swift */,
				7B7BA240222D2769001C1C32 /* StatusMenuController.swift */,
				3FC145B4205A0F3C00C37555 /* Assets.xcassets */,
				3FC145B6205A0F3C00C37555 /* Main.storyboard */,
			);
			path = kay;
			sourceTree = "<group>";
		};
		3FC145C2205A0F3C00C37555 /* kayTests */ = {
			isa = PBXGroup;
			children = (
				3FC145C3205A0F3C00C37555 /* kayTests.swift */,
				3FC145C5205A0F3C00C37555 /* Info.plist */,
			);
			path = kayTests;
			sourceTree = "<group>";
		};
		3FC145CD205A0F3C00C37555 /* kayUITests */ = {
			isa = PBXGroup;
			children = (
				3FC145CE205A0F3C00C37555 /* kayUITests.swift */,
				3FC145D0205A0F3C00C37555 /* Info.plist */,
			);
			path = kayUITests;
			sourceTree = "<group>";
		};
		3FDFEB9D20649C58002311FF /* Frameworks */ = {
			isa = PBXGroup;
			children = (
				7B7BA244222D4574001C1C32 /* LaunchAtLogin.framework */,
				7BA56D2620F5A82B00A8DC51 /* KeyHolder.framework */,
				7BA56D2420F5A81800A8DC51 /* KeyHolder.framework.dSYM */,
				7B14A22620F3B99F007CC723 /* Magnet.framework */,
			);
			name = Frameworks;
			sourceTree = "<group>";
		};
		7B14A22B20F4B742007CC723 /* View Controllers */ = {
			isa = PBXGroup;
			children = (
				3FC145B2205A0F3C00C37555 /* MainViewController.swift */,
				7BA56D2220F4FC9900A8DC51 /* AddAppViewController.swift */,
			);
			path = "View Controllers";
			sourceTree = "<group>";
		};
		7B14A22C20F4B8D8007CC723 /* Model */ = {
			isa = PBXGroup;
			children = (
				7B14A22D20F4B907007CC723 /* AppItem.swift */,
				7B14A22F20F4B983007CC723 /* Shortcut.swift */,
			);
			path = Model;
			sourceTree = "<group>";
		};
/* End PBXGroup section */

/* Begin PBXNativeTarget section */
		3FC145AC205A0F3C00C37555 /* kay */ = {
			isa = PBXNativeTarget;
			buildConfigurationList = 3FC145D3205A0F3C00C37555 /* Build configuration list for PBXNativeTarget "kay" */;
			buildPhases = (
				3FC145A9205A0F3C00C37555 /* Sources */,
				3FC145AA205A0F3C00C37555 /* Frameworks */,
				3FC145AB205A0F3C00C37555 /* Resources */,
				7B14A22820F3B9F9007CC723 /* ShellScript */,
				7B7BA243222D43FF001C1C32 /* ShellScript */,
			);
			buildRules = (
			);
			dependencies = (
			);
			name = kay;
			productName = kay;
			productReference = 3FC145AD205A0F3C00C37555 /* kay.app */;
			productType = "com.apple.product-type.application";
		};
		3FC145BE205A0F3C00C37555 /* kayTests */ = {
			isa = PBXNativeTarget;
			buildConfigurationList = 3FC145D6205A0F3C00C37555 /* Build configuration list for PBXNativeTarget "kayTests" */;
			buildPhases = (
				3FC145BB205A0F3C00C37555 /* Sources */,
				3FC145BC205A0F3C00C37555 /* Frameworks */,
				3FC145BD205A0F3C00C37555 /* Resources */,
			);
			buildRules = (
			);
			dependencies = (
				3FC145C1205A0F3C00C37555 /* PBXTargetDependency */,
			);
			name = kayTests;
			productName = kayTests;
			productReference = 3FC145BF205A0F3C00C37555 /* kayTests.xctest */;
			productType = "com.apple.product-type.bundle.unit-test";
		};
		3FC145C9205A0F3C00C37555 /* kayUITests */ = {
			isa = PBXNativeTarget;
			buildConfigurationList = 3FC145D9205A0F3C00C37555 /* Build configuration list for PBXNativeTarget "kayUITests" */;
			buildPhases = (
				3FC145C6205A0F3C00C37555 /* Sources */,
				3FC145C7205A0F3C00C37555 /* Frameworks */,
				3FC145C8205A0F3C00C37555 /* Resources */,
			);
			buildRules = (
			);
			dependencies = (
				3FC145CC205A0F3C00C37555 /* PBXTargetDependency */,
			);
			name = kayUITests;
			productName = kayUITests;
			productReference = 3FC145CA205A0F3C00C37555 /* kayUITests.xctest */;
			productType = "com.apple.product-type.bundle.ui-testing";
		};
/* End PBXNativeTarget section */

/* Begin PBXProject section */
		3FC145A5205A0F3C00C37555 /* Project object */ = {
			isa = PBXProject;
			attributes = {
				LastSwiftUpdateCheck = 0920;
				LastUpgradeCheck = 1010;
				ORGANIZATIONNAME = sparker;
				TargetAttributes = {
					3FC145AC205A0F3C00C37555 = {
						CreatedOnToolsVersion = 9.2;
						LastSwiftMigration = 1010;
						ProvisioningStyle = Automatic;
					};
					3FC145BE205A0F3C00C37555 = {
						CreatedOnToolsVersion = 9.2;
						ProvisioningStyle = Automatic;
						TestTargetID = 3FC145AC205A0F3C00C37555;
					};
					3FC145C9205A0F3C00C37555 = {
						CreatedOnToolsVersion = 9.2;
						ProvisioningStyle = Automatic;
						TestTargetID = 3FC145AC205A0F3C00C37555;
					};
				};
			};
			buildConfigurationList = 3FC145A8205A0F3C00C37555 /* Build configuration list for PBXProject "kay" */;
			compatibilityVersion = "Xcode 8.0";
			developmentRegion = en;
			hasScannedForEncodings = 0;
			knownRegions = (
				en,
				Base,
			);
			mainGroup = 3FC145A4205A0F3C00C37555;
			productRefGroup = 3FC145AE205A0F3C00C37555 /* Products */;
			projectDirPath = "";
			projectRoot = "";
			targets = (
				3FC145AC205A0F3C00C37555 /* kay */,
				3FC145BE205A0F3C00C37555 /* kayTests */,
				3FC145C9205A0F3C00C37555 /* kayUITests */,
			);
		};
/* End PBXProject section */

/* Begin PBXResourcesBuildPhase section */
		3FC145AB205A0F3C00C37555 /* Resources */ = {
			isa = PBXResourcesBuildPhase;
			buildActionMask = 2147483647;
			files = (
				3FDFEB9820649A17002311FF /* Cartfile in Resources */,
				3FC145B5205A0F3C00C37555 /* Assets.xcassets in Resources */,
				3FC145B8205A0F3C00C37555 /* Main.storyboard in Resources */,
			);
			runOnlyForDeploymentPostprocessing = 0;
		};
		3FC145BD205A0F3C00C37555 /* Resources */ = {
			isa = PBXResourcesBuildPhase;
			buildActionMask = 2147483647;
			files = (
			);
			runOnlyForDeploymentPostprocessing = 0;
		};
		3FC145C8205A0F3C00C37555 /* Resources */ = {
			isa = PBXResourcesBuildPhase;
			buildActionMask = 2147483647;
			files = (
			);
			runOnlyForDeploymentPostprocessing = 0;
		};
/* End PBXResourcesBuildPhase section */

/* Begin PBXShellScriptBuildPhase section */
		7B14A22820F3B9F9007CC723 /* ShellScript */ = {
			isa = PBXShellScriptBuildPhase;
			buildActionMask = 2147483647;
			files = (
			);
			inputPaths = (
				"$(SRCROOT)/Carthage/Build/Mac/Magnet.framework",
				"$(SRCROOT)/Carthage/Build/Mac/KeyHolder.framework",
				"$(SRCROOT)/Carthage/Build/Mac/LaunchAtLogin.framework",
			);
			outputPaths = (
				"$(BUILT_PRODUCTS_DIR)/$(FRAMEWORKS_FOLDER_PATH)/Magnet.framework",
				"$(BUILT_PRODUCTS_DIR)/$(FRAMEWORKS_FOLDER_PATH)/KeyHolder.framework",
			);
			runOnlyForDeploymentPostprocessing = 0;
			shellPath = /bin/sh;
			shellScript = "/usr/local/bin/carthage copy-frameworks\n";
		};
		7B7BA243222D43FF001C1C32 /* ShellScript */ = {
			isa = PBXShellScriptBuildPhase;
			buildActionMask = 2147483647;
			files = (
			);
			inputFileListPaths = (
			);
			inputPaths = (
			);
			outputFileListPaths = (
			);
			outputPaths = (
			);
			runOnlyForDeploymentPostprocessing = 0;
			shellPath = /bin/sh;
			shellScript = "${PROJECT_DIR}/Carthage/Build/Mac/LaunchAtLogin.framework/Resources/copy-helper.sh\n";
		};
/* End PBXShellScriptBuildPhase section */

/* Begin PBXSourcesBuildPhase section */
		3FC145A9205A0F3C00C37555 /* Sources */ = {
			isa = PBXSourcesBuildPhase;
			buildActionMask = 2147483647;
			files = (
				7B7BA241222D2769001C1C32 /* StatusMenuController.swift in Sources */,
				7B14A22E20F4B907007CC723 /* AppItem.swift in Sources */,
				7B14A23020F4B983007CC723 /* Shortcut.swift in Sources */,
				7BA56D2320F4FC9900A8DC51 /* AddAppViewController.swift in Sources */,
				3FC145B3205A0F3C00C37555 /* MainViewController.swift in Sources */,
				3FC145B1205A0F3C00C37555 /* AppDelegate.swift in Sources */,
			);
			runOnlyForDeploymentPostprocessing = 0;
		};
		3FC145BB205A0F3C00C37555 /* Sources */ = {
			isa = PBXSourcesBuildPhase;
			buildActionMask = 2147483647;
			files = (
				3FC145C4205A0F3C00C37555 /* kayTests.swift in Sources */,
			);
			runOnlyForDeploymentPostprocessing = 0;
		};
		3FC145C6205A0F3C00C37555 /* Sources */ = {
			isa = PBXSourcesBuildPhase;
			buildActionMask = 2147483647;
			files = (
				3FC145CF205A0F3C00C37555 /* kayUITests.swift in Sources */,
			);
			runOnlyForDeploymentPostprocessing = 0;
		};
/* End PBXSourcesBuildPhase section */

/* Begin PBXTargetDependency section */
		3FC145C1205A0F3C00C37555 /* PBXTargetDependency */ = {
			isa = PBXTargetDependency;
			target = 3FC145AC205A0F3C00C37555 /* kay */;
			targetProxy = 3FC145C0205A0F3C00C37555 /* PBXContainerItemProxy */;
		};
		3FC145CC205A0F3C00C37555 /* PBXTargetDependency */ = {
			isa = PBXTargetDependency;
			target = 3FC145AC205A0F3C00C37555 /* kay */;
			targetProxy = 3FC145CB205A0F3C00C37555 /* PBXContainerItemProxy */;
		};
/* End PBXTargetDependency section */

/* Begin PBXVariantGroup section */
		3FC145B6205A0F3C00C37555 /* Main.storyboard */ = {
			isa = PBXVariantGroup;
			children = (
				3FC145B7205A0F3C00C37555 /* Base */,
			);
			name = Main.storyboard;
			sourceTree = "<group>";
		};
/* End PBXVariantGroup section */

/* Begin XCBuildConfiguration section */
		3FC145D1205A0F3C00C37555 /* Debug */ = {
			isa = XCBuildConfiguration;
			buildSettings = {
				ALWAYS_SEARCH_USER_PATHS = NO;
				CLANG_ANALYZER_NONNULL = YES;
				CLANG_ANALYZER_NUMBER_OBJECT_CONVERSION = YES_AGGRESSIVE;
				CLANG_CXX_LANGUAGE_STANDARD = "gnu++14";
				CLANG_CXX_LIBRARY = "libc++";
				CLANG_ENABLE_MODULES = YES;
				CLANG_ENABLE_OBJC_ARC = YES;
				CLANG_WARN_BLOCK_CAPTURE_AUTORELEASING = YES;
				CLANG_WARN_BOOL_CONVERSION = YES;
				CLANG_WARN_COMMA = YES;
				CLANG_WARN_CONSTANT_CONVERSION = YES;
				CLANG_WARN_DEPRECATED_OBJC_IMPLEMENTATIONS = YES;
				CLANG_WARN_DIRECT_OBJC_ISA_USAGE = YES_ERROR;
				CLANG_WARN_DOCUMENTATION_COMMENTS = YES;
				CLANG_WARN_EMPTY_BODY = YES;
				CLANG_WARN_ENUM_CONVERSION = YES;
				CLANG_WARN_INFINITE_RECURSION = YES;
				CLANG_WARN_INT_CONVERSION = YES;
				CLANG_WARN_NON_LITERAL_NULL_CONVERSION = YES;
				CLANG_WARN_OBJC_IMPLICIT_RETAIN_SELF = YES;
				CLANG_WARN_OBJC_LITERAL_CONVERSION = YES;
				CLANG_WARN_OBJC_ROOT_CLASS = YES_ERROR;
				CLANG_WARN_RANGE_LOOP_ANALYSIS = YES;
				CLANG_WARN_STRICT_PROTOTYPES = YES;
				CLANG_WARN_SUSPICIOUS_MOVE = YES;
				CLANG_WARN_UNGUARDED_AVAILABILITY = YES_AGGRESSIVE;
				CLANG_WARN_UNREACHABLE_CODE = YES;
				CLANG_WARN__DUPLICATE_METHOD_MATCH = YES;
				CODE_SIGN_IDENTITY = "Mac Developer";
				COPY_PHASE_STRIP = NO;
				DEBUG_INFORMATION_FORMAT = dwarf;
				ENABLE_STRICT_OBJC_MSGSEND = YES;
				ENABLE_TESTABILITY = YES;
				GCC_C_LANGUAGE_STANDARD = gnu11;
				GCC_DYNAMIC_NO_PIC = NO;
				GCC_NO_COMMON_BLOCKS = YES;
				GCC_OPTIMIZATION_LEVEL = 0;
				GCC_PREPROCESSOR_DEFINITIONS = (
					"DEBUG=1",
					"$(inherited)",
				);
				GCC_WARN_64_TO_32_BIT_CONVERSION = YES;
				GCC_WARN_ABOUT_RETURN_TYPE = YES_ERROR;
				GCC_WARN_UNDECLARED_SELECTOR = YES;
				GCC_WARN_UNINITIALIZED_AUTOS = YES_AGGRESSIVE;
				GCC_WARN_UNUSED_FUNCTION = YES;
				GCC_WARN_UNUSED_VARIABLE = YES;
				MACOSX_DEPLOYMENT_TARGET = 10.12;
				MTL_ENABLE_DEBUG_INFO = YES;
				ONLY_ACTIVE_ARCH = YES;
				SDKROOT = macosx;
				SWIFT_ACTIVE_COMPILATION_CONDITIONS = DEBUG;
				SWIFT_OPTIMIZATION_LEVEL = "-Onone";
			};
			name = Debug;
		};
		3FC145D2205A0F3C00C37555 /* Release */ = {
			isa = XCBuildConfiguration;
			buildSettings = {
				ALWAYS_SEARCH_USER_PATHS = NO;
				CLANG_ANALYZER_NONNULL = YES;
				CLANG_ANALYZER_NUMBER_OBJECT_CONVERSION = YES_AGGRESSIVE;
				CLANG_CXX_LANGUAGE_STANDARD = "gnu++14";
				CLANG_CXX_LIBRARY = "libc++";
				CLANG_ENABLE_MODULES = YES;
				CLANG_ENABLE_OBJC_ARC = YES;
				CLANG_WARN_BLOCK_CAPTURE_AUTORELEASING = YES;
				CLANG_WARN_BOOL_CONVERSION = YES;
				CLANG_WARN_COMMA = YES;
				CLANG_WARN_CONSTANT_CONVERSION = YES;
				CLANG_WARN_DEPRECATED_OBJC_IMPLEMENTATIONS = YES;
				CLANG_WARN_DIRECT_OBJC_ISA_USAGE = YES_ERROR;
				CLANG_WARN_DOCUMENTATION_COMMENTS = YES;
				CLANG_WARN_EMPTY_BODY = YES;
				CLANG_WARN_ENUM_CONVERSION = YES;
				CLANG_WARN_INFINITE_RECURSION = YES;
				CLANG_WARN_INT_CONVERSION = YES;
				CLANG_WARN_NON_LITERAL_NULL_CONVERSION = YES;
				CLANG_WARN_OBJC_IMPLICIT_RETAIN_SELF = YES;
				CLANG_WARN_OBJC_LITERAL_CONVERSION = YES;
				CLANG_WARN_OBJC_ROOT_CLASS = YES_ERROR;
				CLANG_WARN_RANGE_LOOP_ANALYSIS = YES;
				CLANG_WARN_STRICT_PROTOTYPES = YES;
				CLANG_WARN_SUSPICIOUS_MOVE = YES;
				CLANG_WARN_UNGUARDED_AVAILABILITY = YES_AGGRESSIVE;
				CLANG_WARN_UNREACHABLE_CODE = YES;
				CLANG_WARN__DUPLICATE_METHOD_MATCH = YES;
				CODE_SIGN_IDENTITY = "Mac Developer";
				COPY_PHASE_STRIP = NO;
				DEBUG_INFORMATION_FORMAT = "dwarf-with-dsym";
				ENABLE_NS_ASSERTIONS = NO;
				ENABLE_STRICT_OBJC_MSGSEND = YES;
				GCC_C_LANGUAGE_STANDARD = gnu11;
				GCC_NO_COMMON_BLOCKS = YES;
				GCC_WARN_64_TO_32_BIT_CONVERSION = YES;
				GCC_WARN_ABOUT_RETURN_TYPE = YES_ERROR;
				GCC_WARN_UNDECLARED_SELECTOR = YES;
				GCC_WARN_UNINITIALIZED_AUTOS = YES_AGGRESSIVE;
				GCC_WARN_UNUSED_FUNCTION = YES;
				GCC_WARN_UNUSED_VARIABLE = YES;
				MACOSX_DEPLOYMENT_TARGET = 10.12;
				MTL_ENABLE_DEBUG_INFO = NO;
				SDKROOT = macosx;
				SWIFT_OPTIMIZATION_LEVEL = "-Owholemodule";
			};
			name = Release;
		};
		3FC145D4205A0F3C00C37555 /* Debug */ = {
			isa = XCBuildConfiguration;
			buildSettings = {
				ASSETCATALOG_COMPILER_APPICON_NAME = AppIcon;
				CODE_SIGN_ENTITLEMENTS = kay/kay.entitlements;
				CODE_SIGN_STYLE = Automatic;
				COMBINE_HIDPI_IMAGES = YES;
				DEVELOPMENT_TEAM = E3NZ498R4M;
				FRAMEWORK_SEARCH_PATHS = (
					"$(inherited)",
					"$(PROJECT_DIR)/Carthage/Build/Mac",
				);
				INFOPLIST_FILE = kay/Info.plist;
				LD_RUNPATH_SEARCH_PATHS = "$(inherited) @executable_path/../Frameworks";
				PRODUCT_BUNDLE_IDENTIFIER = xyz.sparker.kay;
				PRODUCT_NAME = "$(TARGET_NAME)";
				SWIFT_VERSION = 4.2;
			};
			name = Debug;
		};
		3FC145D5205A0F3C00C37555 /* Release */ = {
			isa = XCBuildConfiguration;
			buildSettings = {
				ASSETCATALOG_COMPILER_APPICON_NAME = AppIcon;
				CODE_SIGN_ENTITLEMENTS = kay/kay.entitlements;
				CODE_SIGN_STYLE = Automatic;
				COMBINE_HIDPI_IMAGES = YES;
				DEVELOPMENT_TEAM = E3NZ498R4M;
				FRAMEWORK_SEARCH_PATHS = (
					"$(inherited)",
					"$(PROJECT_DIR)/Carthage/Build/Mac",
				);
				INFOPLIST_FILE = kay/Info.plist;
				LD_RUNPATH_SEARCH_PATHS = "$(inherited) @executable_path/../Frameworks";
				PRODUCT_BUNDLE_IDENTIFIER = xyz.sparker.kay;
				PRODUCT_NAME = "$(TARGET_NAME)";
				SWIFT_VERSION = 4.2;
			};
			name = Release;
		};
		3FC145D7205A0F3C00C37555 /* Debug */ = {
			isa = XCBuildConfiguration;
			buildSettings = {
				ALWAYS_EMBED_SWIFT_STANDARD_LIBRARIES = YES;
				BUNDLE_LOADER = "$(TEST_HOST)";
				CODE_SIGN_STYLE = Automatic;
				COMBINE_HIDPI_IMAGES = YES;
				DEVELOPMENT_TEAM = R94XD227EM;
				INFOPLIST_FILE = kayTests/Info.plist;
				LD_RUNPATH_SEARCH_PATHS = "$(inherited) @executable_path/../Frameworks @loader_path/../Frameworks";
				PRODUCT_BUNDLE_IDENTIFIER = xyz.sparker.kayTests;
				PRODUCT_NAME = "$(TARGET_NAME)";
				SWIFT_VERSION = 4.0;
				TEST_HOST = "$(BUILT_PRODUCTS_DIR)/kay.app/Contents/MacOS/kay";
			};
			name = Debug;
		};
		3FC145D8205A0F3C00C37555 /* Release */ = {
			isa = XCBuildConfiguration;
			buildSettings = {
				ALWAYS_EMBED_SWIFT_STANDARD_LIBRARIES = YES;
				BUNDLE_LOADER = "$(TEST_HOST)";
				CODE_SIGN_STYLE = Automatic;
				COMBINE_HIDPI_IMAGES = YES;
				DEVELOPMENT_TEAM = R94XD227EM;
				INFOPLIST_FILE = kayTests/Info.plist;
				LD_RUNPATH_SEARCH_PATHS = "$(inherited) @executable_path/../Frameworks @loader_path/../Frameworks";
				PRODUCT_BUNDLE_IDENTIFIER = xyz.sparker.kayTests;
				PRODUCT_NAME = "$(TARGET_NAME)";
				SWIFT_VERSION = 4.0;
				TEST_HOST = "$(BUILT_PRODUCTS_DIR)/kay.app/Contents/MacOS/kay";
			};
			name = Release;
		};
		3FC145DA205A0F3C00C37555 /* Debug */ = {
			isa = XCBuildConfiguration;
			buildSettings = {
				ALWAYS_EMBED_SWIFT_STANDARD_LIBRARIES = YES;
				CODE_SIGN_STYLE = Automatic;
				COMBINE_HIDPI_IMAGES = YES;
				DEVELOPMENT_TEAM = R94XD227EM;
				INFOPLIST_FILE = kayUITests/Info.plist;
				LD_RUNPATH_SEARCH_PATHS = "$(inherited) @executable_path/../Frameworks @loader_path/../Frameworks";
				PRODUCT_BUNDLE_IDENTIFIER = xyz.sparker.kayUITests;
				PRODUCT_NAME = "$(TARGET_NAME)";
				SWIFT_VERSION = 4.0;
				TEST_TARGET_NAME = kay;
			};
			name = Debug;
		};
		3FC145DB205A0F3C00C37555 /* Release */ = {
			isa = XCBuildConfiguration;
			buildSettings = {
				ALWAYS_EMBED_SWIFT_STANDARD_LIBRARIES = YES;
				CODE_SIGN_STYLE = Automatic;
				COMBINE_HIDPI_IMAGES = YES;
				DEVELOPMENT_TEAM = R94XD227EM;
				INFOPLIST_FILE = kayUITests/Info.plist;
				LD_RUNPATH_SEARCH_PATHS = "$(inherited) @executable_path/../Frameworks @loader_path/../Frameworks";
				PRODUCT_BUNDLE_IDENTIFIER = xyz.sparker.kayUITests;
				PRODUCT_NAME = "$(TARGET_NAME)";
				SWIFT_VERSION = 4.0;
				TEST_TARGET_NAME = kay;
			};
			name = Release;
		};
/* End XCBuildConfiguration section */

/* Begin XCConfigurationList section */
		3FC145A8205A0F3C00C37555 /* Build configuration list for PBXProject "kay" */ = {
			isa = XCConfigurationList;
			buildConfigurations = (
				3FC145D1205A0F3C00C37555 /* Debug */,
				3FC145D2205A0F3C00C37555 /* Release */,
			);
			defaultConfigurationIsVisible = 0;
			defaultConfigurationName = Release;
		};
		3FC145D3205A0F3C00C37555 /* Build configuration list for PBXNativeTarget "kay" */ = {
			isa = XCConfigurationList;
			buildConfigurations = (
				3FC145D4205A0F3C00C37555 /* Debug */,
				3FC145D5205A0F3C00C37555 /* Release */,
			);
			defaultConfigurationIsVisible = 0;
			defaultConfigurationName = Release;
		};
		3FC145D6205A0F3C00C37555 /* Build configuration list for PBXNativeTarget "kayTests" */ = {
			isa = XCConfigurationList;
			buildConfigurations = (
				3FC145D7205A0F3C00C37555 /* Debug */,
				3FC145D8205A0F3C00C37555 /* Release */,
			);
			defaultConfigurationIsVisible = 0;
			defaultConfigurationName = Release;
		};
		3FC145D9205A0F3C00C37555 /* Build configuration list for PBXNativeTarget "kayUITests" */ = {
			isa = XCConfigurationList;
			buildConfigurations = (
				3FC145DA205A0F3C00C37555 /* Debug */,
				3FC145DB205A0F3C00C37555 /* Release */,
			);
			defaultConfigurationIsVisible = 0;
			defaultConfigurationName = Release;
		};
/* End XCConfigurationList section */
	};
	rootObject = 3FC145A5205A0F3C00C37555 /* Project object */;
}
